<?xml version="1.0" encoding="utf-8"?>
<Project ToolsVersion="4.0" xmlns="http://schemas.microsoft.com/developer/msbuild/2003">
  <ItemGroup>
    <Filter Include="Compiling">
      <UniqueIdentifier>{a912e3ab-9b38-421e-bf85-f01f5b6e4eb4}</UniqueIdentifier>
    </Filter>
    <Filter Include="Testing">
      <UniqueIdentifier>{49455bd4-1ab9-426b-a405-00ab2efc1688}</UniqueIdentifier>
    </Filter>
  </ItemGroup>
  <ItemGroup>
    <ClCompile Include="..\..\..\Code\max\Compiling\AliasingOptimizationsTest.cpp">
      <Filter>Compiling</Filter>
    </ClCompile>
    <ClCompile Include="..\..\..\Code\max\Compiling\ConfigurationTest.cpp">
      <Filter>Compiling</Filter>
    </ClCompile>
    <ClCompile Include="..\..\..\Code\max\Testing\ManualTestsEntryPoint.cpp">
      <Filter>Testing</Filter>
    </ClCompile>
  </ItemGroup>
  <ItemGroup>
    <ClInclude Include="..\..\..\Code\max\Compiling\AliasingOptimizationsTest.hpp">
      <Filter>Compiling</Filter>
    </ClInclude>
    <ClInclude Include="..\..\..\Code\max\Compiling\ConfigurationTest.hpp">
      <Filter>Compiling</Filter>
    </ClInclude>
  </ItemGroup>
</Project>