<?xml version="1.0" encoding="utf-8"?>
<Project ToolsVersion="4.0" xmlns="http://schemas.microsoft.com/developer/msbuild/2003">
  <ItemGroup>
    <Filter Include="Algorithms">
      <UniqueIdentifier>{9f02e660-04c3-4f78-a9a9-1d539fba1d68}</UniqueIdentifier>
    </Filter>
    <Filter Include="Containers">
      <UniqueIdentifier>{3d56c41a-5f3c-4682-8c25-496962d4d235}</UniqueIdentifier>
    </Filter>
    <Filter Include="Testing">
      <UniqueIdentifier>{063edf7c-90f0-4b88-adf5-9046829dcfb4}</UniqueIdentifier>
    </Filter>
  </ItemGroup>
  <ItemGroup>
    <ClCompile Include="..\..\..\Code\max\Algorithms\IsBetweenTest.cpp">
      <Filter>Algorithms</Filter>
    </ClCompile>
    <ClCompile Include="..\..\..\Code\max\Containers\RangeTest.cpp">
      <Filter>Containers</Filter>
    </ClCompile>
    <ClCompile Include="..\..\..\Code\max\Containers\VectorTest.cpp">
      <Filter>Containers</Filter>
    </ClCompile>
    <ClCompile Include="..\..\..\Code\max\Testing\AutomatedTestsEntryPoint.cpp">
      <Filter>Testing</Filter>
    </ClCompile>
    <ClCompile Include="..\..\..\Code\max\Algorithms\SwapEndianTest.cpp">
      <Filter>Algorithms</Filter>
    </ClCompile>
    <ClCompile Include="..\..\..\Code\max\Algorithms\CountZeroesTest.cpp">
      <Filter>Algorithms</Filter>
    </ClCompile>
  </ItemGroup>
  <ItemGroup>
    <ClInclude Include="..\..\..\Code\max\Algorithms\IsBetweenTest.hpp">
      <Filter>Algorithms</Filter>
    </ClInclude>
    <ClInclude Include="..\..\..\Code\max\Containers\RangeTest.hpp">
      <Filter>Containers</Filter>
    </ClInclude>
    <ClInclude Include="..\..\..\Code\max\Containers\VectorTest.hpp">
      <Filter>Containers</Filter>
    </ClInclude>
    <ClInclude Include="..\..\..\Code\max\Algorithms\SwapEndianTest.hpp">
      <Filter>Algorithms</Filter>
    </ClInclude>
    <ClInclude Include="..\..\..\Code\max\Algorithms\CountZeroesTest.hpp">
      <Filter>Algorithms</Filter>
    </ClInclude>
  </ItemGroup>
</Project>