<?xml version="1.0" encoding="utf-8"?>
<Project ToolsVersion="4.0" xmlns="http://schemas.microsoft.com/developer/msbuild/2003">
  <ItemGroup>
    <Filter Include="Code">
      <UniqueIdentifier>{d2123baa-7920-4f49-b290-6d7dc9d9a7fb}</UniqueIdentifier>
    </Filter>
    <Filter Include="Docs">
      <UniqueIdentifier>{4c7c656f-4470-4128-82ed-47a0684591d2}</UniqueIdentifier>
    </Filter>
    <Filter Include="Tooling">
      <UniqueIdentifier>{841b2720-c952-42b1-8f1f-4781ac290024}</UniqueIdentifier>
    </Filter>
    <Filter Include="Tooling\AppVeyor">
      <UniqueIdentifier>{275f20c9-c3ed-4ad3-9c96-95726fe91e98}</UniqueIdentifier>
    </Filter>
    <Filter Include="Tooling\Cppcheck">
      <UniqueIdentifier>{8d900c01-bfe5-4a86-8d8c-8f335ee41fee}</UniqueIdentifier>
    </Filter>
    <Filter Include=".github">
      <UniqueIdentifier>{a9c81b63-a590-434b-a4a7-498f4f536cd9}</UniqueIdentifier>
    </Filter>
    <Filter Include=".github\ISSUE_TEMPLATE">
      <UniqueIdentifier>{472bceea-601b-49b4-b93b-c54eea35472c}</UniqueIdentifier>
    </Filter>
    <Filter Include="Code\max">
      <UniqueIdentifier>{d9b3ed26-dca3-4190-bed2-5b26fc886315}</UniqueIdentifier>
    </Filter>
    <Filter Include="Code\max\Algorithms">
      <UniqueIdentifier>{a259c871-80c9-4334-9886-71bd2134091a}</UniqueIdentifier>
    </Filter>
    <Filter Include="Code\max\Compiling">
      <UniqueIdentifier>{e406b191-7569-4520-946e-933e6f0759f3}</UniqueIdentifier>
    </Filter>
    <Filter Include="Code\max\Compiling\Configuration">
      <UniqueIdentifier>{1a5db08a-ac47-4d90-a67f-a45132d674df}</UniqueIdentifier>
    </Filter>
    <Filter Include="Code\max\Compiling\Configuration\Compiler">
      <UniqueIdentifier>{1912be3a-657e-4456-8041-aabda2abd136}</UniqueIdentifier>
    </Filter>
    <Filter Include="Code\max\Compiling\Configuration\Platform">
      <UniqueIdentifier>{99be1d10-34c7-4076-88fd-e53ad56bf3a8}</UniqueIdentifier>
    </Filter>
    <Filter Include="Code\max\Containers">
      <UniqueIdentifier>{57a78136-a155-408b-9dae-990eac5f716c}</UniqueIdentifier>
    </Filter>
    <Filter Include="Code\max\Hardware">
      <UniqueIdentifier>{2595a89a-8d2b-424e-bc94-477b6ddea372}</UniqueIdentifier>
    </Filter>
    <Filter Include="Code\max\Hardware\CPU">
      <UniqueIdentifier>{17a44615-e454-45d9-95bc-cf09d1585e8a}</UniqueIdentifier>
    </Filter>
    <Filter Include="Code\max\Hardware\CPU\IsCPUIDAvailablePolicies">
      <UniqueIdentifier>{3b15c6fe-c38c-433b-aeb4-f3402074c252}</UniqueIdentifier>
    </Filter>
    <Filter Include="Code\max\Hardware\CPU\CPUIDPolicies">
      <UniqueIdentifier>{935aeb8f-ffcc-4ab6-8d53-b0d44609db2e}</UniqueIdentifier>
    </Filter>
    <Filter Include="Code\max\Logging">
      <UniqueIdentifier>{5bc3fc35-c502-4038-afbc-fd9426a5a212}</UniqueIdentifier>
    </Filter>
    <Filter Include="Code\max\Testing">
      <UniqueIdentifier>{2b1fb250-788a-4040-8309-4aa3ccbb47a0}</UniqueIdentifier>
    </Filter>
    <Filter Include="Code\max\Compiling\Polyfills">
      <UniqueIdentifier>{2b8a8077-c85e-4bfc-a095-8c61f9c532c4}</UniqueIdentifier>
    </Filter>
  </ItemGroup>
  <ItemGroup>
    <None Include="..\..\..\LICENSE" />
    <None Include="..\..\..\Docs\code_of_conduct.md">
      <Filter>Docs</Filter>
    </None>
    <None Include="..\..\..\Docs\DeprecationSchedule.md">
      <Filter>Docs</Filter>
    </None>
    <None Include="..\..\..\Docs\README.md">
      <Filter>Docs</Filter>
    </None>
    <None Include="..\..\..\Docs\StyleGuide.md">
      <Filter>Docs</Filter>
    </None>
    <None Include="..\..\..\AUTHORS" />
    <None Include="..\..\..\.travis.yml" />
    <None Include="..\..\..\Tooling\AppVeyor\AppVeyor.yml">
      <Filter>Tooling\AppVeyor</Filter>
    </None>
    <None Include="..\..\..\Tooling\Cppcheck\max.cppcheck">
      <Filter>Tooling\Cppcheck</Filter>
    </None>
    <None Include="..\..\..\.github\ISSUE_TEMPLATE\bug_report.md">
      <Filter>.github\ISSUE_TEMPLATE</Filter>
    </None>
    <None Include="..\..\..\.github\ISSUE_TEMPLATE\feature_request.md">
      <Filter>.github\ISSUE_TEMPLATE</Filter>
    </None>
    <None Include="..\..\..\Code\max\Algorithms\IsBetween.inl">
      <Filter>Code\max\Algorithms</Filter>
    </None>
    <None Include="..\..\..\Code\max\Algorithms\IsBetween.md">
      <Filter>Code\max\Algorithms</Filter>
    </None>
    <None Include="..\..\..\Code\max\Algorithms\Math.inl">
      <Filter>Code\max\Algorithms</Filter>
    </None>
    <None Include="..\..\..\Code\max\Algorithms\ScopedFunctor.inl">
      <Filter>Code\max\Algorithms</Filter>
    </None>
    <None Include="..\..\..\Code\max\Algorithms\SwapEndian.md">
      <Filter>Code\max\Algorithms</Filter>
    </None>
    <None Include="..\..\..\Code\max\Compiling\AliasingOptimizations.md">
      <Filter>Code\max\Compiling</Filter>
    </None>
    <None Include="..\..\..\Code\max\Compiling\Loop.inl">
      <Filter>Code\max\Compiling</Filter>
    </None>
    <None Include="..\..\..\Code\max\Compiling\Macros.md">
      <Filter>Code\max\Compiling</Filter>
    </None>
    <None Include="..\..\..\Code\max\Compiling\MAX_COMPILER_MESSAGE.md">
      <Filter>Code\max\Compiling</Filter>
    </None>
    <None Include="..\..\..\Code\max\Compiling\MAX_PURE.md">
      <Filter>Code\max\Compiling</Filter>
    </None>
    <None Include="..\..\..\Code\max\Compiling\MAX_PURE_WITH_GLOBALS.md">
      <Filter>Code\max\Compiling</Filter>
    </None>
    <None Include="..\..\..\Code\max\Compiling\MAX_RESTRICTED_POINTER.md">
      <Filter>Code\max\Compiling</Filter>
    </None>
    <None Include="..\..\..\Code\max\Compiling\MAX_RESTRICTED_REFERENCE.md">
      <Filter>Code\max\Compiling</Filter>
    </None>
    <None Include="..\..\..\Code\max\Compiling\MAX_RETURNS_RESTRICTED_POINTER.md">
      <Filter>Code\max\Compiling</Filter>
    </None>
    <None Include="..\..\..\Code\max\Compiling\MAX_SEMI_PURE.md">
      <Filter>Code\max\Compiling</Filter>
    </None>
    <None Include="..\..\..\Code\max\Compiling\UnreferencedValue.inl">
      <Filter>Code\max\Compiling</Filter>
    </None>
    <None Include="..\..\..\Code\max\Containers\MakeRange.md">
      <Filter>Code\max\Containers</Filter>
    </None>
    <None Include="..\..\..\Code\max\Containers\Range.inl">
      <Filter>Code\max\Containers</Filter>
    </None>
    <None Include="..\..\..\Code\max\Containers\Range.md">
      <Filter>Code\max\Containers</Filter>
    </None>
    <None Include="..\..\..\Code\max\Containers\Range_ctor.md">
      <Filter>Code\max\Containers</Filter>
    </None>
    <None Include="..\..\..\Code\max\Containers\Vector.inl">
      <Filter>Code\max\Containers</Filter>
    </None>
    <None Include="..\..\..\Docs\v0.md">
      <Filter>Docs</Filter>
    </None>
    <None Include="..\..\..\Code\max\Hardware\CPU\IsCPUIDAvailablePolicies\Documentation.md">
      <Filter>Code\max\Hardware\CPU\IsCPUIDAvailablePolicies</Filter>
    </None>
    <None Include="..\..\..\Code\max\Testing\Test.inl">
      <Filter>Code\max\Testing</Filter>
    </None>
    <None Include="..\..\..\Code\max\Testing\TestSuite.inl">
      <Filter>Code\max\Testing</Filter>
    </None>
    <None Include="..\..\..\Code\max\Compiling\Clonable.inl" />
    <None Include="..\..\..\Code\max\Algorithms\SwapEndian.inl">
      <Filter>Code\max\Algorithms</Filter>
    </None>
    <None Include="..\..\..\Code\max\Compiling\Polyfills\IsConstantEvaluated.inl">
      <Filter>Code\max\Compiling\Polyfills</Filter>
    </None>
    <None Include="..\..\..\Code\max\Algorithms\CountZeroes.inl">
      <Filter>Code\max\Algorithms</Filter>
    </None>
  </ItemGroup>
  <ItemGroup>
    <Xml Include="..\..\..\Tooling\AppVeyor\junit-results.xml">
      <Filter>Tooling\AppVeyor</Filter>
    </Xml>
  </ItemGroup>
  <ItemGroup>
    <ClInclude Include="..\..\..\Code\max\Algorithms\IsBetween.hpp">
      <Filter>Code\max\Algorithms</Filter>
    </ClInclude>
    <ClInclude Include="..\..\..\Code\max\Algorithms\IsBetweenTest.hpp">
      <Filter>Code\max\Algorithms</Filter>
    </ClInclude>
    <ClInclude Include="..\..\..\Code\max\Algorithms\Math.hpp">
      <Filter>Code\max\Algorithms</Filter>
    </ClInclude>
    <ClInclude Include="..\..\..\Code\max\Algorithms\OptimizingAssert.hpp">
      <Filter>Code\max\Algorithms</Filter>
    </ClInclude>
    <ClInclude Include="..\..\..\Code\max\Algorithms\ScopedFunctor.hpp">
      <Filter>Code\max\Algorithms</Filter>
    </ClInclude>
    <ClInclude Include="..\..\..\Code\max\Algorithms\SwapEndian.hpp">
      <Filter>Code\max\Algorithms</Filter>
    </ClInclude>
    <ClInclude Include="..\..\..\Code\max\Algorithms\Yield.hpp">
      <Filter>Code\max\Algorithms</Filter>
    </ClInclude>
    <ClInclude Include="..\..\..\Code\max\Compiling\Configuration\Compiler\Clang.hpp">
      <Filter>Code\max\Compiling\Configuration\Compiler</Filter>
    </ClInclude>
    <ClInclude Include="..\..\..\Code\max\Compiling\Configuration\Compiler\GCC.hpp">
      <Filter>Code\max\Compiling\Configuration\Compiler</Filter>
    </ClInclude>
    <ClInclude Include="..\..\..\Code\max\Compiling\Configuration\Compiler\VC.hpp">
      <Filter>Code\max\Compiling\Configuration\Compiler</Filter>
    </ClInclude>
    <ClInclude Include="..\..\..\Code\max\Compiling\Configuration\Platform\Android.hpp">
      <Filter>Code\max\Compiling\Configuration\Platform</Filter>
    </ClInclude>
    <ClInclude Include="..\..\..\Code\max\Compiling\Configuration\Platform\Linux.hpp">
      <Filter>Code\max\Compiling\Configuration\Platform</Filter>
    </ClInclude>
    <ClInclude Include="..\..\..\Code\max\Compiling\Configuration\Platform\MacOS.hpp">
      <Filter>Code\max\Compiling\Configuration\Platform</Filter>
    </ClInclude>
    <ClInclude Include="..\..\..\Code\max\Compiling\Configuration\Platform\Win32.hpp">
      <Filter>Code\max\Compiling\Configuration\Platform</Filter>
    </ClInclude>
    <ClInclude Include="..\..\..\Code\max\Compiling\Configuration\Compiler.hpp">
      <Filter>Code\max\Compiling\Configuration</Filter>
    </ClInclude>
    <ClInclude Include="..\..\..\Code\max\Compiling\Configuration\Platform.hpp">
      <Filter>Code\max\Compiling\Configuration</Filter>
    </ClInclude>
    <ClInclude Include="..\..\..\Code\max\Compiling\Configuration\StandardLibrary.hpp">
      <Filter>Code\max\Compiling\Configuration</Filter>
    </ClInclude>
    <ClInclude Include="..\..\..\Code\max\Compiling\AliasingOptimizations.hpp">
      <Filter>Code\max\Compiling</Filter>
    </ClInclude>
    <ClInclude Include="..\..\..\Code\max\Compiling\AliasingOptimizationsTest.hpp">
      <Filter>Code\max\Compiling</Filter>
    </ClInclude>
    <ClInclude Include="..\..\..\Code\max\Compiling\Alignment.hpp">
      <Filter>Code\max\Compiling</Filter>
    </ClInclude>
    <ClInclude Include="..\..\..\Code\max\Compiling\Assume.hpp">
      <Filter>Code\max\Compiling</Filter>
    </ClInclude>
    <ClInclude Include="..\..\..\Code\max\Compiling\Configuration.hpp">
      <Filter>Code\max\Compiling</Filter>
    </ClInclude>
    <ClInclude Include="..\..\..\Code\max\Compiling\ConfigurationTest.hpp">
      <Filter>Code\max\Compiling</Filter>
    </ClInclude>
    <ClInclude Include="..\..\..\Code\max\Compiling\CurrentVersionNamespace.hpp">
      <Filter>Code\max\Compiling</Filter>
    </ClInclude>
    <ClInclude Include="..\..\..\Code\max\Compiling\FavorBranchLocality.hpp">
      <Filter>Code\max\Compiling</Filter>
    </ClInclude>
    <ClInclude Include="..\..\..\Code\max\Compiling\IsRegular.hpp">
      <Filter>Code\max\Compiling</Filter>
    </ClInclude>
    <ClInclude Include="..\..\..\Code\max\Compiling\Loop.hpp">
      <Filter>Code\max\Compiling</Filter>
    </ClInclude>
    <ClInclude Include="..\..\..\Code\max\Compiling\Macros.hpp">
      <Filter>Code\max\Compiling</Filter>
    </ClInclude>
    <ClInclude Include="..\..\..\Code\max\Compiling\MemoryBarrier.hpp">
      <Filter>Code\max\Compiling</Filter>
    </ClInclude>
    <ClInclude Include="..\..\..\Code\max\Compiling\NoDefault.hpp">
      <Filter>Code\max\Compiling</Filter>
    </ClInclude>
    <ClInclude Include="..\..\..\Code\max\Compiling\StaticAssert.hpp">
      <Filter>Code\max\Compiling</Filter>
    </ClInclude>
    <ClInclude Include="..\..\..\Code\max\Compiling\ThrowSpecification.hpp">
      <Filter>Code\max\Compiling</Filter>
    </ClInclude>
    <ClInclude Include="..\..\..\Code\max\Compiling\UnreferencedValue.hpp">
      <Filter>Code\max\Compiling</Filter>
    </ClInclude>
    <ClInclude Include="..\..\..\Code\max\Compiling\VirtualFunctionSpecification.hpp">
      <Filter>Code\max\Compiling</Filter>
    </ClInclude>
    <ClInclude Include="..\..\..\Code\max\Containers\Range.hpp">
      <Filter>Code\max\Containers</Filter>
    </ClInclude>
    <ClInclude Include="..\..\..\Code\max\Containers\RangeTest.hpp">
      <Filter>Code\max\Containers</Filter>
    </ClInclude>
    <ClInclude Include="..\..\..\Code\max\Containers\Vector.hpp">
      <Filter>Code\max\Containers</Filter>
    </ClInclude>
    <ClInclude Include="..\..\..\Code\max\Containers\VectorTest.hpp">
      <Filter>Code\max\Containers</Filter>
    </ClInclude>
    <ClInclude Include="..\..\..\Code\max\Hardware\CPU\CPUIDPolicies\AssemblyCPUIDPolicy.hpp">
      <Filter>Code\max\Hardware\CPU\CPUIDPolicies</Filter>
    </ClInclude>
    <ClInclude Include="..\..\..\Code\max\Hardware\CPU\CPUIDPolicies\GCCIntrinsicCPUIDPolicy.hpp">
      <Filter>Code\max\Hardware\CPU\CPUIDPolicies</Filter>
    </ClInclude>
    <ClInclude Include="..\..\..\Code\max\Hardware\CPU\CPUIDPolicies\VCIntrinsicCPUIDPolicy.hpp">
      <Filter>Code\max\Hardware\CPU\CPUIDPolicies</Filter>
    </ClInclude>
    <ClInclude Include="..\..\..\Code\max\Hardware\CPU\CPUIDPolicies\X64GCCAssemblyCPUIDPolicy.hpp">
      <Filter>Code\max\Hardware\CPU\CPUIDPolicies</Filter>
    </ClInclude>
    <ClInclude Include="..\..\..\Code\max\Hardware\CPU\CPUIDPolicies\X86GCCAssemblyCPUIDPolicy.hpp">
      <Filter>Code\max\Hardware\CPU\CPUIDPolicies</Filter>
    </ClInclude>
    <ClInclude Include="..\..\..\Code\max\Hardware\CPU\IsCPUIDAvailablePolicies\X64AssemblyIsCPUIDAvailablePolicy.hpp">
      <Filter>Code\max\Hardware\CPU\IsCPUIDAvailablePolicies</Filter>
    </ClInclude>
    <ClInclude Include="..\..\..\Code\max\Hardware\CPU\IsCPUIDAvailablePolicies\X64GCCAssemblyIsCPUIDAvailablePolicy.hpp">
      <Filter>Code\max\Hardware\CPU\IsCPUIDAvailablePolicies</Filter>
    </ClInclude>
    <ClInclude Include="..\..\..\Code\max\Hardware\CPU\IsCPUIDAvailablePolicies\X86AssemblyIsCPUIDAvailablePolicy.hpp">
      <Filter>Code\max\Hardware\CPU\IsCPUIDAvailablePolicies</Filter>
    </ClInclude>
    <ClInclude Include="..\..\..\Code\max\Hardware\CPU\IsCPUIDAvailablePolicies\X86GCCAssemblyIsCPUIDAvailablePolicy.hpp">
      <Filter>Code\max\Hardware\CPU\IsCPUIDAvailablePolicies</Filter>
    </ClInclude>
    <ClInclude Include="..\..\..\Code\max\Hardware\CPU\Associativity.hpp">
      <Filter>Code\max\Hardware\CPU</Filter>
    </ClInclude>
    <ClInclude Include="..\..\..\Code\max\Hardware\CPU\CacheInfo.hpp">
      <Filter>Code\max\Hardware\CPU</Filter>
    </ClInclude>
    <ClInclude Include="..\..\..\Code\max\Hardware\CPU\CacheLevel.hpp">
      <Filter>Code\max\Hardware\CPU</Filter>
    </ClInclude>
    <ClInclude Include="..\..\..\Code\max\Hardware\CPU\CPUID.hpp">
      <Filter>Code\max\Hardware\CPU</Filter>
    </ClInclude>
    <ClInclude Include="..\..\..\Code\max\Hardware\CPU\CPUIDSubleafArgumentsAndResult.hpp">
      <Filter>Code\max\Hardware\CPU</Filter>
    </ClInclude>
    <ClInclude Include="..\..\..\Code\max\Hardware\CPU\CPUIDSubleafResult.hpp">
      <Filter>Code\max\Hardware\CPU</Filter>
    </ClInclude>
    <ClInclude Include="..\..\..\Code\max\Hardware\CPU\Prefetch.hpp">
      <Filter>Code\max\Hardware\CPU</Filter>
    </ClInclude>
    <ClInclude Include="..\..\..\Code\max\Hardware\CPU\TLB.hpp">
      <Filter>Code\max\Hardware\CPU</Filter>
    </ClInclude>
    <ClInclude Include="..\..\..\Code\max\Hardware\CPU\TraceCache.hpp">
      <Filter>Code\max\Hardware\CPU</Filter>
    </ClInclude>
    <ClInclude Include="..\..\..\Code\max\Logging\DoNothingLogger.hpp">
      <Filter>Code\max\Logging</Filter>
    </ClInclude>
    <ClInclude Include="..\..\..\Code\max\Testing\CoutResultPolicy.hpp">
      <Filter>Code\max\Testing</Filter>
    </ClInclude>
    <ClInclude Include="..\..\..\Code\max\Testing\Test.hpp">
      <Filter>Code\max\Testing</Filter>
    </ClInclude>
    <ClInclude Include="..\..\..\Code\max\Testing\TestSuite.hpp">
      <Filter>Code\max\Testing</Filter>
    </ClInclude>
    <ClInclude Include="..\..\..\Code\max\Compiling\Clonable.hpp" />
    <ClInclude Include="..\..\..\Code\max\Algorithms\SwapEndianTest.hpp">
      <Filter>Code\max\Algorithms</Filter>
    </ClInclude>
    <ClInclude Include="..\..\..\Code\max\Compiling\Polyfills\IsConstantEvaluated.hpp">
      <Filter>Code\max\Compiling\Polyfills</Filter>
    </ClInclude>
    <ClInclude Include="..\..\..\Code\max\Algorithms\CountZeroes.hpp">
      <Filter>Code\max\Algorithms</Filter>
    </ClInclude>
  </ItemGroup>
  <ItemGroup>
    <ClCompile Include="..\..\..\Code\max\Algorithms\IsBetweenTest.cpp">
      <Filter>Code\max\Algorithms</Filter>
    </ClCompile>
    <ClCompile Include="..\..\..\Code\max\Compiling\AliasingOptimizationsTest.cpp">
      <Filter>Code\max\Compiling</Filter>
    </ClCompile>
    <ClCompile Include="..\..\..\Code\max\Compiling\ConfigurationTest.cpp">
      <Filter>Code\max\Compiling</Filter>
    </ClCompile>
    <ClCompile Include="..\..\..\Code\max\Containers\RangeTest.cpp">
      <Filter>Code\max\Containers</Filter>
    </ClCompile>
    <ClCompile Include="..\..\..\Code\max\Containers\VectorTest.cpp">
      <Filter>Code\max\Containers</Filter>
    </ClCompile>
    <ClCompile Include="..\..\..\Code\max\Hardware\CPU\CPUIDPolicies\AssemblyCPUIDPolicy.cpp">
      <Filter>Code\max\Hardware\CPU\CPUIDPolicies</Filter>
    </ClCompile>
    <ClCompile Include="..\..\..\Code\max\Hardware\CPU\CPUIDPolicies\GCCIntrinsicCPUIDPolicy.cpp">
      <Filter>Code\max\Hardware\CPU\CPUIDPolicies</Filter>
    </ClCompile>
    <ClCompile Include="..\..\..\Code\max\Hardware\CPU\CPUIDPolicies\VCIntrinsicCPUIDPolicy.cpp">
      <Filter>Code\max\Hardware\CPU\CPUIDPolicies</Filter>
    </ClCompile>
    <ClCompile Include="..\..\..\Code\max\Hardware\CPU\CPUIDPolicies\X64GCCAssemblyCPUIDPolicy.cpp">
      <Filter>Code\max\Hardware\CPU\CPUIDPolicies</Filter>
    </ClCompile>
    <ClCompile Include="..\..\..\Code\max\Hardware\CPU\CPUIDPolicies\X86GCCAssemblyCPUIDPolicy.cpp">
      <Filter>Code\max\Hardware\CPU\CPUIDPolicies</Filter>
    </ClCompile>
    <ClCompile Include="..\..\..\Code\max\Hardware\CPU\IsCPUIDAvailablePolicies\X64GCCAssemblyIsCPUIDAvailablePolicy.cpp">
      <Filter>Code\max\Hardware\CPU\IsCPUIDAvailablePolicies</Filter>
    </ClCompile>
    <ClCompile Include="..\..\..\Code\max\Hardware\CPU\IsCPUIDAvailablePolicies\X86AssemblyIsCPUIDAvailablePolicy.cpp">
      <Filter>Code\max\Hardware\CPU\IsCPUIDAvailablePolicies</Filter>
    </ClCompile>
    <ClCompile Include="..\..\..\Code\max\Hardware\CPU\IsCPUIDAvailablePolicies\X86GCCAssemblyIsCPUIDAvailablePolicy.cpp">
      <Filter>Code\max\Hardware\CPU\IsCPUIDAvailablePolicies</Filter>
    </ClCompile>
    <ClCompile Include="..\..\..\Code\max\Hardware\CPU\Associativity.cpp">
      <Filter>Code\max\Hardware\CPU</Filter>
    </ClCompile>
    <ClCompile Include="..\..\..\Code\max\Hardware\CPU\CacheInfo.cpp">
      <Filter>Code\max\Hardware\CPU</Filter>
    </ClCompile>
    <ClCompile Include="..\..\..\Code\max\Hardware\CPU\CacheLevel.cpp">
      <Filter>Code\max\Hardware\CPU</Filter>
    </ClCompile>
    <ClCompile Include="..\..\..\Code\max\Hardware\CPU\CPUID.cpp">
      <Filter>Code\max\Hardware\CPU</Filter>
    </ClCompile>
    <ClCompile Include="..\..\..\Code\max\Hardware\CPU\CPUIDSubleafArgumentsAndResult.cpp">
      <Filter>Code\max\Hardware\CPU</Filter>
    </ClCompile>
    <ClCompile Include="..\..\..\Code\max\Hardware\CPU\Prefetch.cpp">
      <Filter>Code\max\Hardware\CPU</Filter>
    </ClCompile>
    <ClCompile Include="..\..\..\Code\max\Hardware\CPU\TLB.cpp">
      <Filter>Code\max\Hardware\CPU</Filter>
    </ClCompile>
    <ClCompile Include="..\..\..\Code\max\Hardware\CPU\TraceCache.cpp">
      <Filter>Code\max\Hardware\CPU</Filter>
    </ClCompile>
    <ClCompile Include="..\..\..\Code\max\Logging\DoNothingLogger.cpp">
      <Filter>Code\max\Logging</Filter>
    </ClCompile>
    <ClCompile Include="..\..\..\Code\max\Testing\CoutResultPolicy.cpp">
      <Filter>Code\max\Testing</Filter>
    </ClCompile>
    <ClCompile Include="..\..\..\Code\max\Testing\ManualTestsEntryPoint.cpp">
      <Filter>Code\max\Testing</Filter>
    </ClCompile>
    <ClCompile Include="..\..\..\Code\max\Testing\AutomatedTestsEntryPoint.cpp">
      <Filter>Code\max\Testing</Filter>
    </ClCompile>
    <ClCompile Include="..\..\..\Code\max\Algorithms\SwapEndianTest.cpp">
      <Filter>Code\max\Algorithms</Filter>
    </ClCompile>
  </ItemGroup>
  <ItemGroup>
    <MASM Include="..\..\..\Code\max\Hardware\CPU\IsCPUIDAvailablePolicies\max_Hardware_CPU_X64AssemblyIsCPUIDAvailablePolicies_IsCPUIDAvailable.asm">
      <Filter>Code\max\Hardware\CPU\IsCPUIDAvailablePolicies</Filter>
    </MASM>
  </ItemGroup>
</Project>